
Microsoft Visual Studio Solution File, Format Version 12.00
# Visual Studio Version 16
VisualStudioVersion = 16.0.28922.388
MinimumVisualStudioVersion = 10.0.40219.1
Project("{FAE04EC0-301F-11D3-BF4B-00C04F79EFBC}") = "Pokedex", "Pokedex.csproj", "{91A81788-8376-495E-80C7-56A1FE98323E}"
EndProject
Global
	GlobalSection(SolutionConfigurationPlatforms) = preSolution
		Debug|Any CPU = Debug|Any CPU
		Release|Any CPU = Release|Any CPU
	EndGlobalSection
	GlobalSection(ProjectConfigurationPlatforms) = postSolution
		{91A81788-8376-495E-80C7-56A1FE98323E}.Debug|Any CPU.ActiveCfg = Debug|Any CPU
		{91A81788-8376-495E-80C7-56A1FE98323E}.Debug|Any CPU.Build.0 = Debug|Any CPU
		{91A81788-8376-495E-80C7-56A1FE98323E}.Release|Any CPU.ActiveCfg = Release|Any CPU
		{91A81788-8376-495E-80C7-56A1FE98323E}.Release|Any CPU.Build.0 = Release|Any CPU
	EndGlobalSection
	GlobalSection(SolutionProperties) = preSolution
		HideSolutionNode = FALSE
	EndGlobalSection
	GlobalSection(ExtensibilityGlobals) = postSolution
		SolutionGuid = {8DE921D2-0F00-4BD4-A1EA-24D37C53846E}
	EndGlobalSection
EndGlobal
